// !$*UTF8*$!
{
	archiveVersion = 1;
	classes = {
	};
	objectVersion = 50;
	objects = {

/* Begin PBXBuildFile section */
		8EEC086CCC4362454A6E1B2E /* Pods_DocUSignApp.framework in Frameworks */ = {isa = PBXBuildFile; fileRef = 0DF56EB964FD9CDE637C4668 /* Pods_DocUSignApp.framework */; };
		E02C0520217252A00058E574 /* AppDelegate.swift in Sources */ = {isa = PBXBuildFile; fileRef = E02C051F217252A00058E574 /* AppDelegate.swift */; };
		E02C0525217252A00058E574 /* Main.storyboard in Resources */ = {isa = PBXBuildFile; fileRef = E02C0523217252A00058E574 /* Main.storyboard */; };
		E02C0527217252A20058E574 /* Assets.xcassets in Resources */ = {isa = PBXBuildFile; fileRef = E02C0526217252A20058E574 /* Assets.xcassets */; };
		E02C052A217252A20058E574 /* LaunchScreen.storyboard in Resources */ = {isa = PBXBuildFile; fileRef = E02C0528217252A20058E574 /* LaunchScreen.storyboard */; };
		E02C053C21725BAD0058E574 /* DocuSignSDK.bundle in Resources */ = {isa = PBXBuildFile; fileRef = E02C053B21725BAD0058E574 /* DocuSignSDK.bundle */; };
		E0A08F902172674300D97C73 /* DocuSignSDK.framework in Frameworks */ = {isa = PBXBuildFile; fileRef = E0A08F8E217266F400D97C73 /* DocuSignSDK.framework */; };
		E0A08F912172674300D97C73 /* DocuSignSDK.framework in Embed Frameworks */ = {isa = PBXBuildFile; fileRef = E0A08F8E217266F400D97C73 /* DocuSignSDK.framework */; settings = {ATTRIBUTES = (CodeSignOnCopy, RemoveHeadersOnCopy, ); }; };
		E0A08F9521726A1300D97C73 /* DocuSignSDK.framework in Frameworks */ = {isa = PBXBuildFile; fileRef = E0A08F9421726A1300D97C73 /* DocuSignSDK.framework */; };
		E0A08F9E21728D8B00D97C73 /* MainPayViewController.swift in Sources */ = {isa = PBXBuildFile; fileRef = E0A08F9D21728D8B00D97C73 /* MainPayViewController.swift */; };
		E0A08FA22173003F00D97C73 /* CustomTableViewCell.swift in Sources */ = {isa = PBXBuildFile; fileRef = E0A08FA12173003F00D97C73 /* CustomTableViewCell.swift */; };
		E0A08FA421735DE200D97C73 /* PersonalPayViewController.swift in Sources */ = {isa = PBXBuildFile; fileRef = E0A08FA321735DE200D97C73 /* PersonalPayViewController.swift */; };
/* End PBXBuildFile section */

/* Begin PBXCopyFilesBuildPhase section */
		E0A08F922172674300D97C73 /* Embed Frameworks */ = {
			isa = PBXCopyFilesBuildPhase;
			buildActionMask = 2147483647;
			dstPath = "";
			dstSubfolderSpec = 10;
			files = (
				E0A08F912172674300D97C73 /* DocuSignSDK.framework in Embed Frameworks */,
			);
			name = "Embed Frameworks";
			runOnlyForDeploymentPostprocessing = 0;
		};
/* End PBXCopyFilesBuildPhase section */

/* Begin PBXFileReference section */
		0DF56EB964FD9CDE637C4668 /* Pods_DocUSignApp.framework */ = {isa = PBXFileReference; explicitFileType = wrapper.framework; includeInIndex = 0; path = Pods_DocUSignApp.framework; sourceTree = BUILT_PRODUCTS_DIR; };
		54DB3B0E39BA48D161160F51 /* Pods-DocUSignApp.release.xcconfig */ = {isa = PBXFileReference; includeInIndex = 1; lastKnownFileType = text.xcconfig; name = "Pods-DocUSignApp.release.xcconfig"; path = "Pods/Target Support Files/Pods-DocUSignApp/Pods-DocUSignApp.release.xcconfig"; sourceTree = "<group>"; };
		9657D521D7D4C8A0CAC71FEF /* Pods-DocUSignApp.debug.xcconfig */ = {isa = PBXFileReference; includeInIndex = 1; lastKnownFileType = text.xcconfig; name = "Pods-DocUSignApp.debug.xcconfig"; path = "Pods/Target Support Files/Pods-DocUSignApp/Pods-DocUSignApp.debug.xcconfig"; sourceTree = "<group>"; };
		E02C051C217252A00058E574 /* DocUSignApp.app */ = {isa = PBXFileReference; explicitFileType = wrapper.application; includeInIndex = 0; path = DocUSignApp.app; sourceTree = BUILT_PRODUCTS_DIR; };
		E02C051F217252A00058E574 /* AppDelegate.swift */ = {isa = PBXFileReference; lastKnownFileType = sourcecode.swift; path = AppDelegate.swift; sourceTree = "<group>"; };
		E02C0524217252A00058E574 /* Base */ = {isa = PBXFileReference; lastKnownFileType = file.storyboard; name = Base; path = Base.lproj/Main.storyboard; sourceTree = "<group>"; };
		E02C0526217252A20058E574 /* Assets.xcassets */ = {isa = PBXFileReference; lastKnownFileType = folder.assetcatalog; path = Assets.xcassets; sourceTree = "<group>"; };
		E02C0529217252A20058E574 /* Base */ = {isa = PBXFileReference; lastKnownFileType = file.storyboard; name = Base; path = Base.lproj/LaunchScreen.storyboard; sourceTree = "<group>"; };
		E02C052B217252A20058E574 /* Info.plist */ = {isa = PBXFileReference; lastKnownFileType = text.plist.xml; path = Info.plist; sourceTree = "<group>"; };
		E02C053721725B2A0058E574 /* DocuSignSDK-framework */ = {isa = PBXFileReference; lastKnownFileType = folder; name = "DocuSignSDK-framework"; path = "iOS-offline-templates-sdk/DocuSignSDK-framework"; sourceTree = "<group>"; };
		E02C053B21725BAD0058E574 /* DocuSignSDK.bundle */ = {isa = PBXFileReference; lastKnownFileType = "wrapper.plug-in"; name = DocuSignSDK.bundle; path = "iOS-offline-templates-sdk/DocuSignSDK-framework/DocuSignSDK.framework/DocuSignSDK.bundle"; sourceTree = "<group>"; };
		E0A08F8E217266F400D97C73 /* DocuSignSDK.framework */ = {isa = PBXFileReference; lastKnownFileType = wrapper.framework; name = DocuSignSDK.framework; path = "DocuSignSDK-framework/DocuSignSDK.framework"; sourceTree = "<group>"; };
		E0A08F9421726A1300D97C73 /* DocuSignSDK.framework */ = {isa = PBXFileReference; lastKnownFileType = wrapper.framework; name = DocuSignSDK.framework; path = "DocuSignSDK-framework/DocuSignSDK.framework"; sourceTree = "<group>"; };
		E0A08F9D21728D8B00D97C73 /* MainPayViewController.swift */ = {isa = PBXFileReference; lastKnownFileType = sourcecode.swift; path = MainPayViewController.swift; sourceTree = "<group>"; };
		E0A08FA12173003F00D97C73 /* CustomTableViewCell.swift */ = {isa = PBXFileReference; lastKnownFileType = sourcecode.swift; path = CustomTableViewCell.swift; sourceTree = "<group>"; };
		E0A08FA321735DE200D97C73 /* PersonalPayViewController.swift */ = {isa = PBXFileReference; lastKnownFileType = sourcecode.swift; path = PersonalPayViewController.swift; sourceTree = "<group>"; };
/* End PBXFileReference section */

/* Begin PBXFrameworksBuildPhase section */
		E02C0519217252A00058E574 /* Frameworks */ = {
			isa = PBXFrameworksBuildPhase;
			buildActionMask = 2147483647;
			files = (
				E0A08F902172674300D97C73 /* DocuSignSDK.framework in Frameworks */,
				E0A08F9521726A1300D97C73 /* DocuSignSDK.framework in Frameworks */,
				8EEC086CCC4362454A6E1B2E /* Pods_DocUSignApp.framework in Frameworks */,
			);
			runOnlyForDeploymentPostprocessing = 0;
		};
/* End PBXFrameworksBuildPhase section */

/* Begin PBXGroup section */
		DB16692A20FB84F5E6CDBD43 /* Pods */ = {
			isa = PBXGroup;
			children = (
				9657D521D7D4C8A0CAC71FEF /* Pods-DocUSignApp.debug.xcconfig */,
				54DB3B0E39BA48D161160F51 /* Pods-DocUSignApp.release.xcconfig */,
			);
			name = Pods;
			sourceTree = "<group>";
		};
		E02C0513217252A00058E574 = {
			isa = PBXGroup;
			children = (
				E0A08F8E217266F400D97C73 /* DocuSignSDK.framework */,
				E0A08F9421726A1300D97C73 /* DocuSignSDK.framework */,
				E02C053B21725BAD0058E574 /* DocuSignSDK.bundle */,
				E02C051E217252A00058E574 /* DocUSignApp */,
				E02C051D217252A00058E574 /* Products */,
				E02C053621725B290058E574 /* Frameworks */,
				DB16692A20FB84F5E6CDBD43 /* Pods */,
			);
			sourceTree = "<group>";
		};
		E02C051D217252A00058E574 /* Products */ = {
			isa = PBXGroup;
			children = (
				E02C051C217252A00058E574 /* DocUSignApp.app */,
			);
			name = Products;
			sourceTree = "<group>";
		};
		E02C051E217252A00058E574 /* DocUSignApp */ = {
			isa = PBXGroup;
			children = (
				E02C051F217252A00058E574 /* AppDelegate.swift */,
				E02C0523217252A00058E574 /* Main.storyboard */,
				E02C0526217252A20058E574 /* Assets.xcassets */,
				E02C0528217252A20058E574 /* LaunchScreen.storyboard */,
				E0A08F9D21728D8B00D97C73 /* MainPayViewController.swift */,
				E02C052B217252A20058E574 /* Info.plist */,
				E0A08FA12173003F00D97C73 /* CustomTableViewCell.swift */,
				E0A08FA321735DE200D97C73 /* PersonalPayViewController.swift */,
			);
			path = DocUSignApp;
			sourceTree = "<group>";
		};
		E02C053621725B290058E574 /* Frameworks */ = {
			isa = PBXGroup;
			children = (
				E02C053721725B2A0058E574 /* DocuSignSDK-framework */,
				0DF56EB964FD9CDE637C4668 /* Pods_DocUSignApp.framework */,
			);
			name = Frameworks;
			sourceTree = "<group>";
		};
/* End PBXGroup section */

/* Begin PBXNativeTarget section */
		E02C051B217252A00058E574 /* DocUSignApp */ = {
			isa = PBXNativeTarget;
			buildConfigurationList = E02C052E217252A20058E574 /* Build configuration list for PBXNativeTarget "DocUSignApp" */;
			buildPhases = (
				9A2676D0418EEDB42C7A8FE5 /* [CP] Check Pods Manifest.lock */,
				E02C0518217252A00058E574 /* Sources */,
				E02C0519217252A00058E574 /* Frameworks */,
				E02C051A217252A00058E574 /* Resources */,
				E0A08F922172674300D97C73 /* Embed Frameworks */,
				E0A08F8C21725CD100D97C73 /* ShellScript */,
				456FD4C9335D101392C81DF2 /* [CP] Embed Pods Frameworks */,
			);
			buildRules = (
			);
			dependencies = (
			);
			name = DocUSignApp;
			productName = DocUSignApp;
			productReference = E02C051C217252A00058E574 /* DocUSignApp.app */;
			productType = "com.apple.product-type.application";
		};
/* End PBXNativeTarget section */

/* Begin PBXProject section */
		E02C0514217252A00058E574 /* Project object */ = {
			isa = PBXProject;
			attributes = {
				LastSwiftUpdateCheck = 1000;
				LastUpgradeCheck = 1000;
				ORGANIZATIONNAME = "Zaid Alrakabi";
				TargetAttributes = {
					E02C051B217252A00058E574 = {
						CreatedOnToolsVersion = 10.0;
					};
				};
			};
			buildConfigurationList = E02C0517217252A00058E574 /* Build configuration list for PBXProject "DocUSignApp" */;
			compatibilityVersion = "Xcode 9.3";
			developmentRegion = en;
			hasScannedForEncodings = 0;
			knownRegions = (
				en,
				Base,
			);
			mainGroup = E02C0513217252A00058E574;
			productRefGroup = E02C051D217252A00058E574 /* Products */;
			projectDirPath = "";
			projectRoot = "";
			targets = (
				E02C051B217252A00058E574 /* DocUSignApp */,
			);
		};
/* End PBXProject section */

/* Begin PBXResourcesBuildPhase section */
		E02C051A217252A00058E574 /* Resources */ = {
			isa = PBXResourcesBuildPhase;
			buildActionMask = 2147483647;
			files = (
				E02C053C21725BAD0058E574 /* DocuSignSDK.bundle in Resources */,
				E02C052A217252A20058E574 /* LaunchScreen.storyboard in Resources */,
				E02C0527217252A20058E574 /* Assets.xcassets in Resources */,
				E02C0525217252A00058E574 /* Main.storyboard in Resources */,
			);
			runOnlyForDeploymentPostprocessing = 0;
		};
/* End PBXResourcesBuildPhase section */

/* Begin PBXShellScriptBuildPhase section */
		456FD4C9335D101392C81DF2 /* [CP] Embed Pods Frameworks */ = {
			isa = PBXShellScriptBuildPhase;
			buildActionMask = 2147483647;
			files = (
			);
			inputFileListPaths = (
			);
			inputPaths = (
				"${SRCROOT}/Pods/Target Support Files/Pods-DocUSignApp/Pods-DocUSignApp-frameworks.sh",
				"${BUILT_PRODUCTS_DIR}/Alamofire/Alamofire.framework",
			);
			name = "[CP] Embed Pods Frameworks";
			outputFileListPaths = (
			);
			outputPaths = (
				"${TARGET_BUILD_DIR}/${FRAMEWORKS_FOLDER_PATH}/Alamofire.framework",
			);
			runOnlyForDeploymentPostprocessing = 0;
			shellPath = /bin/sh;
			shellScript = "\"${SRCROOT}/Pods/Target Support Files/Pods-DocUSignApp/Pods-DocUSignApp-frameworks.sh\"\n";
			showEnvVarsInLog = 0;
		};
		9A2676D0418EEDB42C7A8FE5 /* [CP] Check Pods Manifest.lock */ = {
			isa = PBXShellScriptBuildPhase;
			buildActionMask = 2147483647;
			files = (
			);
			inputFileListPaths = (
			);
			inputPaths = (
				"${PODS_PODFILE_DIR_PATH}/Podfile.lock",
				"${PODS_ROOT}/Manifest.lock",
			);
			name = "[CP] Check Pods Manifest.lock";
			outputFileListPaths = (
			);
			outputPaths = (
				"$(DERIVED_FILE_DIR)/Pods-DocUSignApp-checkManifestLockResult.txt",
			);
			runOnlyForDeploymentPostprocessing = 0;
			shellPath = /bin/sh;
			shellScript = "diff \"${PODS_PODFILE_DIR_PATH}/Podfile.lock\" \"${PODS_ROOT}/Manifest.lock\" > /dev/null\nif [ $? != 0 ] ; then\n    # print error to STDERR\n    echo \"error: The sandbox is not in sync with the Podfile.lock. Run 'pod install' or update your CocoaPods installation.\" >&2\n    exit 1\nfi\n# This output is used by Xcode 'outputs' to avoid re-running this script phase.\necho \"SUCCESS\" > \"${SCRIPT_OUTPUT_FILE_0}\"\n";
			showEnvVarsInLog = 0;
		};
		E0A08F8C21725CD100D97C73 /* ShellScript */ = {
			isa = PBXShellScriptBuildPhase;
			buildActionMask = 2147483647;
			files = (
			);
			inputFileListPaths = (
			);
			inputPaths = (
			);
			outputFileListPaths = (
			);
			outputPaths = (
			);
			runOnlyForDeploymentPostprocessing = 0;
			shellPath = /bin/sh;
			shellScript = "bash \"$BUILT_PRODUCTS_DIR/$FRAMEWORKS_FOLDER_PATH/DocuSignSDK.framework/strip-frameworks.sh\"\n";
		};
/* End PBXShellScriptBuildPhase section */

/* Begin PBXSourcesBuildPhase section */
		E02C0518217252A00058E574 /* Sources */ = {
			isa = PBXSourcesBuildPhase;
			buildActionMask = 2147483647;
			files = (
				E02C0520217252A00058E574 /* AppDelegate.swift in Sources */,
				E0A08FA22173003F00D97C73 /* CustomTableViewCell.swift in Sources */,
				E0A08F9E21728D8B00D97C73 /* MainPayViewController.swift in Sources */,
				E0A08FA421735DE200D97C73 /* PersonalPayViewController.swift in Sources */,
			);
			runOnlyForDeploymentPostprocessing = 0;
		};
/* End PBXSourcesBuildPhase section */

/* Begin PBXVariantGroup section */
		E02C0523217252A00058E574 /* Main.storyboard */ = {
			isa = PBXVariantGroup;
			children = (
				E02C0524217252A00058E574 /* Base */,
			);
			name = Main.storyboard;
			sourceTree = "<group>";
		};
		E02C0528217252A20058E574 /* LaunchScreen.storyboard */ = {
			isa = PBXVariantGroup;
			children = (
				E02C0529217252A20058E574 /* Base */,
			);
			name = LaunchScreen.storyboard;
			sourceTree = "<group>";
		};
/* End PBXVariantGroup section */

/* Begin XCBuildConfiguration section */
		E02C052C217252A20058E574 /* Debug */ = {
			isa = XCBuildConfiguration;
			buildSettings = {
				ALWAYS_SEARCH_USER_PATHS = NO;
				CLANG_ANALYZER_NONNULL = YES;
				CLANG_ANALYZER_NUMBER_OBJECT_CONVERSION = YES_AGGRESSIVE;
				CLANG_CXX_LANGUAGE_STANDARD = "gnu++14";
				CLANG_CXX_LIBRARY = "libc++";
				CLANG_ENABLE_MODULES = YES;
				CLANG_ENABLE_OBJC_ARC = YES;
				CLANG_ENABLE_OBJC_WEAK = YES;
				CLANG_WARN_BLOCK_CAPTURE_AUTORELEASING = YES;
				CLANG_WARN_BOOL_CONVERSION = YES;
				CLANG_WARN_COMMA = YES;
				CLANG_WARN_CONSTANT_CONVERSION = YES;
				CLANG_WARN_DEPRECATED_OBJC_IMPLEMENTATIONS = YES;
				CLANG_WARN_DIRECT_OBJC_ISA_USAGE = YES_ERROR;
				CLANG_WARN_DOCUMENTATION_COMMENTS = YES;
				CLANG_WARN_EMPTY_BODY = YES;
				CLANG_WARN_ENUM_CONVERSION = YES;
				CLANG_WARN_INFINITE_RECURSION = YES;
				CLANG_WARN_INT_CONVERSION = YES;
				CLANG_WARN_NON_LITERAL_NULL_CONVERSION = YES;
				CLANG_WARN_OBJC_IMPLICIT_RETAIN_SELF = YES;
				CLANG_WARN_OBJC_LITERAL_CONVERSION = YES;
				CLANG_WARN_OBJC_ROOT_CLASS = YES_ERROR;
				CLANG_WARN_RANGE_LOOP_ANALYSIS = YES;
				CLANG_WARN_STRICT_PROTOTYPES = YES;
				CLANG_WARN_SUSPICIOUS_MOVE = YES;
				CLANG_WARN_UNGUARDED_AVAILABILITY = YES_AGGRESSIVE;
				CLANG_WARN_UNREACHABLE_CODE = YES;
				CLANG_WARN__DUPLICATE_METHOD_MATCH = YES;
				CODE_SIGN_IDENTITY = "iPhone Developer";
				COPY_PHASE_STRIP = NO;
				DEBUG_INFORMATION_FORMAT = dwarf;
				ENABLE_STRICT_OBJC_MSGSEND = YES;
				ENABLE_TESTABILITY = YES;
				GCC_C_LANGUAGE_STANDARD = gnu11;
				GCC_DYNAMIC_NO_PIC = NO;
				GCC_NO_COMMON_BLOCKS = YES;
				GCC_OPTIMIZATION_LEVEL = 0;
				GCC_PREPROCESSOR_DEFINITIONS = (
					"DEBUG=1",
					"$(inherited)",
				);
				GCC_WARN_64_TO_32_BIT_CONVERSION = YES;
				GCC_WARN_ABOUT_RETURN_TYPE = YES_ERROR;
				GCC_WARN_UNDECLARED_SELECTOR = YES;
				GCC_WARN_UNINITIALIZED_AUTOS = YES_AGGRESSIVE;
				GCC_WARN_UNUSED_FUNCTION = YES;
				GCC_WARN_UNUSED_VARIABLE = YES;
				IPHONEOS_DEPLOYMENT_TARGET = 12.0;
				MTL_ENABLE_DEBUG_INFO = INCLUDE_SOURCE;
				MTL_FAST_MATH = YES;
				ONLY_ACTIVE_ARCH = YES;
				SDKROOT = iphoneos;
				SWIFT_ACTIVE_COMPILATION_CONDITIONS = DEBUG;
				SWIFT_OPTIMIZATION_LEVEL = "-Onone";
			};
			name = Debug;
		};
		E02C052D217252A20058E574 /* Release */ = {
			isa = XCBuildConfiguration;
			buildSettings = {
				ALWAYS_SEARCH_USER_PATHS = NO;
				CLANG_ANALYZER_NONNULL = YES;
				CLANG_ANALYZER_NUMBER_OBJECT_CONVERSION = YES_AGGRESSIVE;
				CLANG_CXX_LANGUAGE_STANDARD = "gnu++14";
				CLANG_CXX_LIBRARY = "libc++";
				CLANG_ENABLE_MODULES = YES;
				CLANG_ENABLE_OBJC_ARC = YES;
				CLANG_ENABLE_OBJC_WEAK = YES;
				CLANG_WARN_BLOCK_CAPTURE_AUTORELEASING = YES;
				CLANG_WARN_BOOL_CONVERSION = YES;
				CLANG_WARN_COMMA = YES;
				CLANG_WARN_CONSTANT_CONVERSION = YES;
				CLANG_WARN_DEPRECATED_OBJC_IMPLEMENTATIONS = YES;
				CLANG_WARN_DIRECT_OBJC_ISA_USAGE = YES_ERROR;
				CLANG_WARN_DOCUMENTATION_COMMENTS = YES;
				CLANG_WARN_EMPTY_BODY = YES;
				CLANG_WARN_ENUM_CONVERSION = YES;
				CLANG_WARN_INFINITE_RECURSION = YES;
				CLANG_WARN_INT_CONVERSION = YES;
				CLANG_WARN_NON_LITERAL_NULL_CONVERSION = YES;
				CLANG_WARN_OBJC_IMPLICIT_RETAIN_SELF = YES;
				CLANG_WARN_OBJC_LITERAL_CONVERSION = YES;
				CLANG_WARN_OBJC_ROOT_CLASS = YES_ERROR;
				CLANG_WARN_RANGE_LOOP_ANALYSIS = YES;
				CLANG_WARN_STRICT_PROTOTYPES = YES;
				CLANG_WARN_SUSPICIOUS_MOVE = YES;
				CLANG_WARN_UNGUARDED_AVAILABILITY = YES_AGGRESSIVE;
				CLANG_WARN_UNREACHABLE_CODE = YES;
				CLANG_WARN__DUPLICATE_METHOD_MATCH = YES;
				CODE_SIGN_IDENTITY = "iPhone Developer";
				COPY_PHASE_STRIP = NO;
				DEBUG_INFORMATION_FORMAT = "dwarf-with-dsym";
				ENABLE_NS_ASSERTIONS = NO;
				ENABLE_STRICT_OBJC_MSGSEND = YES;
				GCC_C_LANGUAGE_STANDARD = gnu11;
				GCC_NO_COMMON_BLOCKS = YES;
				GCC_WARN_64_TO_32_BIT_CONVERSION = YES;
				GCC_WARN_ABOUT_RETURN_TYPE = YES_ERROR;
				GCC_WARN_UNDECLARED_SELECTOR = YES;
				GCC_WARN_UNINITIALIZED_AUTOS = YES_AGGRESSIVE;
				GCC_WARN_UNUSED_FUNCTION = YES;
				GCC_WARN_UNUSED_VARIABLE = YES;
				IPHONEOS_DEPLOYMENT_TARGET = 12.0;
				MTL_ENABLE_DEBUG_INFO = NO;
				MTL_FAST_MATH = YES;
				SDKROOT = iphoneos;
				SWIFT_COMPILATION_MODE = wholemodule;
				SWIFT_OPTIMIZATION_LEVEL = "-O";
				VALIDATE_PRODUCT = YES;
			};
			name = Release;
		};
		E02C052F217252A20058E574 /* Debug */ = {
			isa = XCBuildConfiguration;
			baseConfigurationReference = 9657D521D7D4C8A0CAC71FEF /* Pods-DocUSignApp.debug.xcconfig */;
			buildSettings = {
				ASSETCATALOG_COMPILER_APPICON_NAME = AppIcon;
				CODE_SIGN_STYLE = Automatic;
				ENABLE_BITCODE = NO;
				FRAMEWORK_SEARCH_PATHS = (
					"$(inherited)",
					"$(PROJECT_DIR)/DocuSignSDK-framework",
				);
				INFOPLIST_FILE = DocUSignApp/Info.plist;
				LD_RUNPATH_SEARCH_PATHS = (
					"$(inherited)",
					"@executable_path/Frameworks",
				);
				PRODUCT_BUNDLE_IDENTIFIER = com.zaidalrakabi.DocUSignApp;
				PRODUCT_NAME = "$(TARGET_NAME)";
				SWIFT_VERSION = 4.2;
				TARGETED_DEVICE_FAMILY = 1;
			};
			name = Debug;
		};
		E02C0530217252A20058E574 /* Release */ = {
			isa = XCBuildConfiguration;
			baseConfigurationReference = 54DB3B0E39BA48D161160F51 /* Pods-DocUSignApp.release.xcconfig */;
			buildSettings = {
				ASSETCATALOG_COMPILER_APPICON_NAME = AppIcon;
				CODE_SIGN_STYLE = Automatic;
				ENABLE_BITCODE = NO;
				FRAMEWORK_SEARCH_PATHS = (
					"$(inherited)",
					"$(PROJECT_DIR)/DocuSignSDK-framework",
				);
				INFOPLIST_FILE = DocUSignApp/Info.plist;
				LD_RUNPATH_SEARCH_PATHS = (
					"$(inherited)",
					"@executable_path/Frameworks",
				);
				PRODUCT_BUNDLE_IDENTIFIER = com.zaidalrakabi.DocUSignApp;
				PRODUCT_NAME = "$(TARGET_NAME)";
				SWIFT_VERSION = 4.2;
				TARGETED_DEVICE_FAMILY = 1;
			};
			name = Release;
		};
/* End XCBuildConfiguration section */

/* Begin XCConfigurationList section */
		E02C0517217252A00058E574 /* Build configuration list for PBXProject "DocUSignApp" */ = {
			isa = XCConfigurationList;
			buildConfigurations = (
				E02C052C217252A20058E574 /* Debug */,
				E02C052D217252A20058E574 /* Release */,
			);
			defaultConfigurationIsVisible = 0;
			defaultConfigurationName = Release;
		};
		E02C052E217252A20058E574 /* Build configuration list for PBXNativeTarget "DocUSignApp" */ = {
			isa = XCConfigurationList;
			buildConfigurations = (
				E02C052F217252A20058E574 /* Debug */,
				E02C0530217252A20058E574 /* Release */,
			);
			defaultConfigurationIsVisible = 0;
			defaultConfigurationName = Release;
		};
/* End XCConfigurationList section */
	};
	rootObject = E02C0514217252A00058E574 /* Project object */;
}
